<?xml version="1.0" encoding="utf-8"?>
<Project ToolsVersion="4.0" xmlns="http://schemas.microsoft.com/developer/msbuild/2003">
  <ItemGroup>
    <Filter Include="Source Files">
      <UniqueIdentifier>{a7e4e773-8374-4475-ab65-263cdf6eb695}</UniqueIdentifier>
      <Extensions>cpp;c;cxx;rc;def;r;odl;hpj;bat;for;f90</Extensions>
    </Filter>
    <Filter Include="Header Files">
      <UniqueIdentifier>{e1db5cc6-c4b8-4582-8a4e-eedf758a5cff}</UniqueIdentifier>
      <Extensions>h;hpp;hxx;hm;inl;fi;fd</Extensions>
    </Filter>
    <Filter Include="Resource Files">
      <UniqueIdentifier>{d3b4da38-7ce2-49f3-ac26-da607fb65c4b}</UniqueIdentifier>
      <Extensions>ico;cur;bmp;dlg;rc2;rct;bin;cnt;rtf;gif;jpg;jpeg;jpe</Extensions>
    </Filter>
  </ItemGroup>
  <ItemGroup>
    <ClCompile Include="main.cpp">
      <Filter>Source Files</Filter>
    </ClCompile>
    <ClCompile Include="bookmark.cpp">
      <Filter>Source Files</Filter>
    </ClCompile>
    <ClCompile Include="cache.cpp">
      <Filter>Source Files</Filter>
    </ClCompile>
    <ClCompile Include="clipboard.cpp">
      <Filter>Source Files</Filter>
    </ClCompile>
    <ClCompile Include="codecnv.cpp">
      <Filter>Source Files</Filter>
    </ClCompile>
    <ClCompile Include="connect.cpp">
      <Filter>Source Files</Filter>
    </ClCompile>
    <ClCompile Include="dlgsize.cpp">
      <Filter>Source Files</Filter>
    </ClCompile>
    <ClCompile Include="filelist.cpp">
      <Filter>Source Files</Filter>
    </ClCompile>
    <ClCompile Include="ftpproc.cpp">
      <Filter>Source Files</Filter>
    </ClCompile>
    <ClCompile Include="getput.cpp">
      <Filter>Source Files</Filter>
    </ClCompile>
    <ClCompile Include="history.cpp">
      <Filter>Source Files</Filter>
    </ClCompile>
    <ClCompile Include="hostman.cpp">
      <Filter>Source Files</Filter>
    </ClCompile>
    <ClCompile Include="local.cpp">
      <Filter>Source Files</Filter>
    </ClCompile>
    <ClCompile Include="lvtips.cpp">
      <Filter>Source Files</Filter>
    </ClCompile>
    <ClCompile Include="mbswrapper.cpp">
      <Filter>Source Files</Filter>
    </ClCompile>
    <ClCompile Include="OleDragDrop.cpp">
      <Filter>Source Files</Filter>
    </ClCompile>
    <ClCompile Include="option.cpp">
      <Filter>Source Files</Filter>
    </ClCompile>
    <ClCompile Include="ras.cpp">
      <Filter>Source Files</Filter>
    </ClCompile>
    <ClCompile Include="socketwrapper.cpp">
      <Filter>Source Files</Filter>
    </ClCompile>
    <ClCompile Include="socket.cpp">
      <Filter>Source Files</Filter>
    </ClCompile>
    <ClCompile Include="registry.cpp">
      <Filter>Source Files</Filter>
    </ClCompile>
    <ClCompile Include="toolmenu.cpp">
      <Filter>Source Files</Filter>
    </ClCompile>
    <ClCompile Include="tool.cpp">
      <Filter>Source Files</Filter>
    </ClCompile>
    <ClCompile Include="taskwin.cpp">
      <Filter>Source Files</Filter>
    </ClCompile>
    <ClCompile Include="statuswin.cpp">
      <Filter>Source Files</Filter>
    </ClCompile>
    <ClCompile Include="skey.cpp">
      <Filter>Source Files</Filter>
    </ClCompile>
    <ClCompile Include="remote.cpp">
      <Filter>Source Files</Filter>
    </ClCompile>
    <ClCompile Include="misc.cpp">
      <Filter>Source Files</Filter>
    </ClCompile>
  </ItemGroup>
  <ItemGroup>
    <MuiResourceCompile Include="Resource\ffftp.en-US.rc">
      <Filter>Resource Files</Filter>
    </MuiResourceCompile>
    <MuiResourceCompile Include="Resource\ffftp.ja-JP.rc">
      <Filter>Resource Files</Filter>
    </MuiResourceCompile>
  </ItemGroup>
  <ItemGroup>
    <ClInclude Include="common.h">
      <Filter>Header Files</Filter>
    </ClInclude>
    <ClInclude Include="mbswrapper.h">
      <Filter>Header Files</Filter>
    </ClInclude>
    <ClInclude Include="Resource\resource.en-US.h">
      <Filter>Header Files</Filter>
    </ClInclude>
    <ClInclude Include="Resource\resource.ja-JP.h">
      <Filter>Header Files</Filter>
    </ClInclude>
    <ClInclude Include="socketwrapper.h">
      <Filter>Header Files</Filter>
    </ClInclude>
    <ClInclude Include="sample.h">
      <Filter>Header Files</Filter>
    </ClInclude>
    <ClInclude Include="OleDragDrop.h">
      <Filter>Header Files</Filter>
    </ClInclude>
    <ClInclude Include="mesg-jpn.h">
      <Filter>Header Files</Filter>
    </ClInclude>
    <ClInclude Include="helpid.h">
      <Filter>Header Files</Filter>
    </ClInclude>
    <ClInclude Include="filehash.h">
      <Filter>Header Files</Filter>
    </ClInclude>
    <ClInclude Include="config.h">
      <Filter>Header Files</Filter>
    </ClInclude>
  </ItemGroup>
  <ItemGroup>
    <Image Include="Resource\bitmap1.bmp">
      <Filter>Resource Files</Filter>
    </Image>
    <Image Include="Resource\icon1.ico">
      <Filter>Resource Files</Filter>
    </Image>
    <Image Include="Resource\icon2.ico">
      <Filter>Resource Files</Filter>
    </Image>
    <Image Include="Resource\list_16.bmp">
      <Filter>Resource Files</Filter>
    </Image>
    <Image Include="Resource\list_bmp.bmp">
      <Filter>Resource Files</Filter>
    </Image>
    <Image Include="Resource\main_too.bmp">
      <Filter>Resource Files</Filter>
    </Image>
    <Image Include="Resource\toolbar1.bmp">
      <Filter>Resource Files</Filter>
    </Image>
  </ItemGroup>
  <ItemGroup>
    <None Include="Resource\cursor1.cur">
      <Filter>Resource Files</Filter>
    </None>
    <None Include="Resource\cursor2.cur">
      <Filter>Resource Files</Filter>
    </None>
    <None Include="Resource\drag_csr.cur">
      <Filter>Resource Files</Filter>
    </None>
    <None Include="Resource\nodrop_c.cur">
      <Filter>Resource Files</Filter>
    </None>
    <None Include="Resource\ffftp.exe.manifest">
      <Filter>Resource Files</Filter>
    </None>
    <None Include="Resource\ffftp.rcconfig">
      <Filter>Resource Files</Filter>
    </None>
  </ItemGroup>
</Project>