<?xml version="1.0" encoding="utf-8"?>
<Project ToolsVersion="4.0" xmlns="http://schemas.microsoft.com/developer/msbuild/2003">
  <ItemGroup>
    <Filter Include="Source Files">
      <UniqueIdentifier>{3a3fc480-b17c-4d9f-86b5-40ed216560e0}</UniqueIdentifier>
      <Extensions>cpp;c;cxx;rc;def;r;odl;idl;hpj;bat</Extensions>
    </Filter>
    <Filter Include="Header Files">
      <UniqueIdentifier>{605a9b9f-8c98-4b10-a259-46ca561148e7}</UniqueIdentifier>
      <Extensions>h;hpp;hxx;hm;inl</Extensions>
    </Filter>
    <Filter Include="Resource Files">
      <UniqueIdentifier>{4dbd411d-59bb-4703-8a03-efc8d36e2a8a}</UniqueIdentifier>
      <Extensions>ico;cur;bmp;dlg;rc2;rct;bin;rgs;gif;jpg;jpeg;jpe</Extensions>
    </Filter>
  </ItemGroup>
  <ItemGroup>
    <ClCompile Include="aes_modes.c">
      <Filter>Source Files</Filter>
    </ClCompile>
    <ClCompile Include="aescrypt.c">
      <Filter>Source Files</Filter>
    </ClCompile>
    <ClCompile Include="aeskey.c">
      <Filter>Source Files</Filter>
    </ClCompile>
    <ClCompile Include="aestab.c">
      <Filter>Source Files</Filter>
    </ClCompile>
    <ClCompile Include="apiemulator.cpp">
      <Filter>Source Files</Filter>
    </ClCompile>
    <ClCompile Include="bookmark.cpp">
      <Filter>Source Files</Filter>
    </ClCompile>
    <ClCompile Include="cache.cpp">
      <Filter>Source Files</Filter>
    </ClCompile>
    <ClCompile Include="clipboard.cpp">
      <Filter>Source Files</Filter>
    </ClCompile>
    <ClCompile Include="codecnv.cpp">
      <Filter>Source Files</Filter>
    </ClCompile>
    <ClCompile Include="connect.cpp">
      <Filter>Source Files</Filter>
    </ClCompile>
    <ClCompile Include="diskfree.cpp">
      <Filter>Source Files</Filter>
    </ClCompile>
    <ClCompile Include="dlgsize.cpp">
      <Filter>Source Files</Filter>
    </ClCompile>
    <ClCompile Include="filelist.cpp">
      <Filter>Source Files</Filter>
    </ClCompile>
    <ClCompile Include="ftpproc.cpp">
      <Filter>Source Files</Filter>
    </ClCompile>
    <ClCompile Include="getput.cpp">
      <Filter>Source Files</Filter>
    </ClCompile>
    <ClCompile Include="history.cpp">
      <Filter>Source Files</Filter>
    </ClCompile>
    <ClCompile Include="hostman.cpp">
      <Filter>Source Files</Filter>
    </ClCompile>
    <ClCompile Include="local.cpp">
      <Filter>Source Files</Filter>
    </ClCompile>
    <ClCompile Include="lvtips.cpp">
      <Filter>Source Files</Filter>
    </ClCompile>
    <ClCompile Include="main.cpp">
      <Filter>Source Files</Filter>
    </ClCompile>
    <ClCompile Include="mbswrapper.cpp">
      <Filter>Source Files</Filter>
    </ClCompile>
    <ClCompile Include="md4.c">
      <Filter>Source Files</Filter>
    </ClCompile>
    <ClCompile Include="md5.c">
      <Filter>Source Files</Filter>
    </ClCompile>
    <ClCompile Include="misc.cpp">
      <Filter>Source Files</Filter>
    </ClCompile>
    <ClCompile Include="OleDragDrop.cpp">
      <Filter>Source Files</Filter>
    </ClCompile>
    <ClCompile Include="option.cpp">
      <Filter>Source Files</Filter>
    </ClCompile>
    <ClCompile Include="protectprocess.cpp">
      <Filter>Source Files</Filter>
    </ClCompile>
    <ClCompile Include="punycode.c">
      <Filter>Source Files</Filter>
    </ClCompile>
    <ClCompile Include="ras.cpp">
      <Filter>Source Files</Filter>
    </ClCompile>
    <ClCompile Include="regexp.cpp">
      <Filter>Source Files</Filter>
    </ClCompile>
    <ClCompile Include="registry.cpp">
      <Filter>Source Files</Filter>
    </ClCompile>
    <ClCompile Include="remote.cpp">
      <Filter>Source Files</Filter>
    </ClCompile>
    <ClCompile Include="sha.c">
      <Filter>Source Files</Filter>
    </ClCompile>
    <ClCompile Include="skey.cpp">
      <Filter>Source Files</Filter>
    </ClCompile>
    <ClCompile Include="socket.cpp">
      <Filter>Source Files</Filter>
    </ClCompile>
    <ClCompile Include="socketwrapper.cpp">
      <Filter>Source Files</Filter>
    </ClCompile>
    <ClCompile Include="statuswin.cpp">
      <Filter>Source Files</Filter>
    </ClCompile>
    <ClCompile Include="taskwin.cpp">
      <Filter>Source Files</Filter>
    </ClCompile>
    <ClCompile Include="tool.cpp">
      <Filter>Source Files</Filter>
    </ClCompile>
    <ClCompile Include="toolmenu.cpp">
      <Filter>Source Files</Filter>
    </ClCompile>
    <ClCompile Include="updatebell.cpp">
      <Filter>Source Files</Filter>
    </ClCompile>
    <ClCompile Include="updater.cpp">
      <Filter>Source Files</Filter>
    </ClCompile>
    <ClCompile Include="wildcard.cpp">
      <Filter>Source Files</Filter>
    </ClCompile>
  </ItemGroup>
  <ItemGroup>
    <ResourceCompile Include="Resource_eng\ffftp.rc">
      <Filter>Source Files</Filter>
    </ResourceCompile>
  </ItemGroup>
  <ItemGroup>
    <ClInclude Include="apiemulator.h">
      <Filter>Header Files</Filter>
    </ClInclude>
    <ClInclude Include="common.h">
      <Filter>Header Files</Filter>
    </ClInclude>
    <ClInclude Include="mbswrapper.h">
      <Filter>Header Files</Filter>
    </ClInclude>
    <ClInclude Include="protectprocess.h">
      <Filter>Header Files</Filter>
    </ClInclude>
    <ClInclude Include="Resource_eng\resource.h">
      <Filter>Header Files</Filter>
    </ClInclude>
    <ClInclude Include="socketwrapper.h">
      <Filter>Header Files</Filter>
    </ClInclude>
    <ClInclude Include="updater.h">
      <Filter>Header Files</Filter>
    </ClInclude>
    <ClInclude Include="aes.h">
      <Filter>Header Files</Filter>
    </ClInclude>
    <ClInclude Include="aes_via_ace.h">
      <Filter>Header Files</Filter>
    </ClInclude>
    <ClInclude Include="aesopt.h">
      <Filter>Header Files</Filter>
    </ClInclude>
    <ClInclude Include="aestab.h">
      <Filter>Header Files</Filter>
    </ClInclude>
    <ClInclude Include="brg_endian.h">
      <Filter>Header Files</Filter>
    </ClInclude>
    <ClInclude Include="brg_types.h">
      <Filter>Header Files</Filter>
    </ClInclude>
    <ClInclude Include="config.h">
      <Filter>Header Files</Filter>
    </ClInclude>
    <ClInclude Include="filehash.h">
      <Filter>Header Files</Filter>
    </ClInclude>
    <ClInclude Include="helpid.h">
      <Filter>Header Files</Filter>
    </ClInclude>
    <ClInclude Include="jreusr.h">
      <Filter>Header Files</Filter>
    </ClInclude>
    <ClInclude Include="md4.h">
      <Filter>Header Files</Filter>
    </ClInclude>
    <ClInclude Include="md5.h">
      <Filter>Header Files</Filter>
    </ClInclude>
    <ClInclude Include="mesg-eng.h">
      <Filter>Header Files</Filter>
    </ClInclude>
    <ClInclude Include="OleDragDrop.h">
      <Filter>Header Files</Filter>
    </ClInclude>
    <ClInclude Include="punycode.h">
      <Filter>Header Files</Filter>
    </ClInclude>
    <ClInclude Include="sample.h">
      <Filter>Header Files</Filter>
    </ClInclude>
    <ClInclude Include="sha.h">
      <Filter>Header Files</Filter>
    </ClInclude>
  </ItemGroup>
  <ItemGroup>
    <Image Include="Resource_eng\bitmap1.bmp">
      <Filter>Resource Files</Filter>
    </Image>
    <Image Include="Resource_eng\icon1.ico">
      <Filter>Resource Files</Filter>
    </Image>
    <Image Include="Resource_eng\icon2.ico">
      <Filter>Resource Files</Filter>
    </Image>
    <Image Include="Resource_eng\list_16.bmp">
      <Filter>Resource Files</Filter>
    </Image>
    <Image Include="Resource_eng\list_bmp.bmp">
      <Filter>Resource Files</Filter>
    </Image>
    <Image Include="Resource_eng\main_too.bmp">
      <Filter>Resource Files</Filter>
    </Image>
    <Image Include="Resource_eng\toolbar1.bmp">
      <Filter>Resource Files</Filter>
    </Image>
  </ItemGroup>
  <ItemGroup>
    <None Include="Resource_eng\cursor1.cur">
      <Filter>Resource Files</Filter>
    </None>
    <None Include="Resource_eng\cursor2.cur">
      <Filter>Resource Files</Filter>
    </None>
    <None Include="Resource_eng\drag_csr.cur">
      <Filter>Resource Files</Filter>
    </None>
    <None Include="Resource_eng\nodrop_c.cur">
      <Filter>Resource Files</Filter>
    </None>
    <None Include="Resource_eng\ffftp.exe.manifest">
      <Filter>Resource Files</Filter>
    </None>
  </ItemGroup>
</Project>