Microsoft Visual Studio Solution File, Format Version 12.00
# Visual Studio Version 16
VisualStudioVersion = 16.0.30104.148
MinimumVisualStudioVersion = 10.0.40219.1
Project("{8BC9CEB8-8B4A-11D0-8D11-00A0C91BC942}") = "ffftp", "ffftp.vcxproj", "{5D9496DB-45AF-4389-8FEE-27C9A2FA207A}"
EndProject
Project("{930C7802-8A8C-48F9-8165-68863BCCD9DD}") = "installer", "installer.wixproj", "{31FF48D2-5F7B-41AC-A702-B954565A905B}"
EndProject
Project("{2150E333-8FDC-42A3-9474-1A3956D46DE8}") = "util", "util", "{FCEFF612-937B-46E6-AC81-10D305A28D3F}"
	ProjectSection(SolutionItems) = preProject
		util\hfs+.cpp = util\hfs+.cpp
	EndProjectSection
EndProject
Project("{8BC9CEB8-8B4A-11D0-8D11-00A0C91BC942}") = "test", "test\test.vcxproj", "{45C0D655-6CFE-4C6D-AD46-4E21D487CCC3}"
	ProjectSection(ProjectDependencies) = postProject
		{5D9496DB-45AF-4389-8FEE-27C9A2FA207A} = {5D9496DB-45AF-4389-8FEE-27C9A2FA207A}
	EndProjectSection
EndProject
Global
	GlobalSection(SolutionConfigurationPlatforms) = preSolution
		Debug|Win32 = Debug|Win32
		Debug|x64 = Debug|x64
		Release|Win32 = Release|Win32
		Release|x64 = Release|x64
	EndGlobalSection
	GlobalSection(ProjectConfigurationPlatforms) = postSolution
		{5D9496DB-45AF-4389-8FEE-27C9A2FA207A}.Debug|Win32.ActiveCfg = Debug|Win32
		{5D9496DB-45AF-4389-8FEE-27C9A2FA207A}.Debug|Win32.Build.0 = Debug|Win32
		{5D9496DB-45AF-4389-8FEE-27C9A2FA207A}.Debug|x64.ActiveCfg = Debug|x64
		{5D9496DB-45AF-4389-8FEE-27C9A2FA207A}.Debug|x64.Build.0 = Debug|x64
		{5D9496DB-45AF-4389-8FEE-27C9A2FA207A}.Release|Win32.ActiveCfg = Release|Win32
		{5D9496DB-45AF-4389-8FEE-27C9A2FA207A}.Release|Win32.Build.0 = Release|Win32
		{5D9496DB-45AF-4389-8FEE-27C9A2FA207A}.Release|x64.ActiveCfg = Release|x64
		{5D9496DB-45AF-4389-8FEE-27C9A2FA207A}.Release|x64.Build.0 = Release|x64
		{31FF48D2-5F7B-41AC-A702-B954565A905B}.Debug|Win32.ActiveCfg = Debug|x86
		{31FF48D2-5F7B-41AC-A702-B954565A905B}.Debug|Win32.Build.0 = Debug|x86
		{31FF48D2-5F7B-41AC-A702-B954565A905B}.Debug|x64.ActiveCfg = Debug|x64
		{31FF48D2-5F7B-41AC-A702-B954565A905B}.Debug|x64.Build.0 = Debug|x64
		{31FF48D2-5F7B-41AC-A702-B954565A905B}.Release|Win32.ActiveCfg = Release|x86
		{31FF48D2-5F7B-41AC-A702-B954565A905B}.Release|Win32.Build.0 = Release|x86
		{31FF48D2-5F7B-41AC-A702-B954565A905B}.Release|x64.ActiveCfg = Release|x64
		{31FF48D2-5F7B-41AC-A702-B954565A905B}.Release|x64.Build.0 = Release|x64
		{45C0D655-6CFE-4C6D-AD46-4E21D487CCC3}.Debug|Win32.ActiveCfg = Debug|Win32
		{45C0D655-6CFE-4C6D-AD46-4E21D487CCC3}.Debug|Win32.Build.0 = Debug|Win32
		{45C0D655-6CFE-4C6D-AD46-4E21D487CCC3}.Debug|x64.ActiveCfg = Debug|x64
		{45C0D655-6CFE-4C6D-AD46-4E21D487CCC3}.Debug|x64.Build.0 = Debug|x64
		{45C0D655-6CFE-4C6D-AD46-4E21D487CCC3}.Release|Win32.ActiveCfg = Release|Win32
		{45C0D655-6CFE-4C6D-AD46-4E21D487CCC3}.Release|Win32.Build.0 = Release|Win32
		{45C0D655-6CFE-4C6D-AD46-4E21D487CCC3}.Release|x64.ActiveCfg = Release|x64
		{45C0D655-6CFE-4C6D-AD46-4E21D487CCC3}.Release|x64.Build.0 = Release|x64
	EndGlobalSection
	GlobalSection(SolutionProperties) = preSolution
		HideSolutionNode = FALSE
	EndGlobalSection
	GlobalSection(ExtensibilityGlobals) = postSolution
		SolutionGuid = {01745C6B-6ED3-41D2-AEFA-1068DBD8150C}
	EndGlobalSection
EndGlobal
