
Microsoft Visual Studio Solution File, Format Version 10.00
# Visual Studio 2008
Project("{8BC9CEB8-8B4A-11D0-8D11-00A0C91BC942}") = "encutf8", "encutf8.vcproj", "{655A8FD3-5998-472F-8906-F0A028B70C4F}"
EndProject
Global
	GlobalSection(SolutionConfigurationPlatforms) = preSolution
		Debug|Win32 = Debug|Win32
		Release|Win32 = Release|Win32
	EndGlobalSection
	GlobalSection(ProjectConfigurationPlatforms) = postSolution
		{655A8FD3-5998-472F-8906-F0A028B70C4F}.Debug|Win32.ActiveCfg = Debug|Win32
		{655A8FD3-5998-472F-8906-F0A028B70C4F}.Debug|Win32.Build.0 = Debug|Win32
		{655A8FD3-5998-472F-8906-F0A028B70C4F}.Release|Win32.ActiveCfg = Release|Win32
		{655A8FD3-5998-472F-8906-F0A028B70C4F}.Release|Win32.Build.0 = Release|Win32
	EndGlobalSection
	GlobalSection(SolutionProperties) = preSolution
		HideSolutionNode = FALSE
	EndGlobalSection
EndGlobal
